
Microsoft Visual Studio Solution File, Format Version 12.00
# Visual Studio 15
VisualStudioVersion = 15.0.28307.329
MinimumVisualStudioVersion = 10.0.40219.1
Project("{8BC9CEB8-8B4A-11D0-8D11-00A0C91BC942}") = "iconv", "iconv.vcxproj", "{B0A54AD6-D7C0-4849-A93D-E2C1CE5FED58}"
EndProject
Project("{8BC9CEB8-8B4A-11D0-8D11-00A0C91BC942}") = "iconvlib", "iconvlib.vcxproj", "{CFF8495D-1C14-4F71-8F70-A123607F8724}"
EndProject
Project("{8BC9CEB8-8B4A-11D0-8D11-00A0C91BC942}") = "iconvdll", "iconvdll.vcxproj", "{A052A14D-3574-474F-88B7-64C0D37E0BC1}"
	ProjectSection(ProjectDependencies) = postProject
		{CFF8495D-1C14-4F71-8F70-A123607F8724} = {CFF8495D-1C14-4F71-8F70-A123607F8724}
	EndProjectSection
EndProject
Project("{2150E333-8FDC-42A3-9474-1A3956D46DE8}") = "tests", "tests", "{7B0DC87E-B3D6-491C-9E8A-F12951D38CB0}"
EndProject
Project("{8BC9CEB8-8B4A-11D0-8D11-00A0C91BC942}") = "gengb18030z", "gengb18030z\gengb18030z.vcxproj", "{73A486E2-6E05-4BE6-8662-3CFCA7785FB9}"
EndProject
Project("{8BC9CEB8-8B4A-11D0-8D11-00A0C91BC942}") = "genutf8", "genutf8\genutf8.vcxproj", "{1A0DF530-E82B-4A28-8139-0F32F8BCFDB8}"
EndProject
Project("{8BC9CEB8-8B4A-11D0-8D11-00A0C91BC942}") = "table-from", "table-from\table-from.vcxproj", "{9D6EBA7B-4ECC-4C4E-BF38-826FACBD2A3E}"
EndProject
Project("{8BC9CEB8-8B4A-11D0-8D11-00A0C91BC942}") = "table-to", "table-to\table-to.vcxproj", "{82EE489A-6113-4AB0-98D6-4ADEBE36D7D0}"
EndProject
Project("{8BC9CEB8-8B4A-11D0-8D11-00A0C91BC942}") = "test-shiftsec", "test-shiftsec\test-shiftsec.vcxproj", "{E1258EF8-A463-491A-B889-3A4A8B1F85C1}"
EndProject
Project("{8BC9CEB8-8B4A-11D0-8D11-00A0C91BC942}") = "test-to-wchar", "test-to-wchar\test-to-wchar.vcxproj", "{4300621D-8E0F-494D-B428-9A055B19ECC7}"
EndProject
Project("{8BC9CEB8-8B4A-11D0-8D11-00A0C91BC942}") = "uniq-u", "uniq-u\uniq-u.vcxproj", "{DA8B8AA0-3E92-4D17-9224-B4DB5DF81EC1}"
EndProject
Global
	GlobalSection(SolutionConfigurationPlatforms) = preSolution
		Debug|x64 = Debug|x64
		Debug|x86 = Debug|x86
		Release|x64 = Release|x64
		Release|x86 = Release|x86
	EndGlobalSection
	GlobalSection(ProjectConfigurationPlatforms) = postSolution
		{B0A54AD6-D7C0-4849-A93D-E2C1CE5FED58}.Debug|x64.ActiveCfg = Debug|x64
		{B0A54AD6-D7C0-4849-A93D-E2C1CE5FED58}.Debug|x64.Build.0 = Debug|x64
		{B0A54AD6-D7C0-4849-A93D-E2C1CE5FED58}.Debug|x86.ActiveCfg = Debug|Win32
		{B0A54AD6-D7C0-4849-A93D-E2C1CE5FED58}.Debug|x86.Build.0 = Debug|Win32
		{B0A54AD6-D7C0-4849-A93D-E2C1CE5FED58}.Release|x64.ActiveCfg = Release|x64
		{B0A54AD6-D7C0-4849-A93D-E2C1CE5FED58}.Release|x64.Build.0 = Release|x64
		{B0A54AD6-D7C0-4849-A93D-E2C1CE5FED58}.Release|x86.ActiveCfg = Release|Win32
		{B0A54AD6-D7C0-4849-A93D-E2C1CE5FED58}.Release|x86.Build.0 = Release|Win32
		{CFF8495D-1C14-4F71-8F70-A123607F8724}.Debug|x64.ActiveCfg = Debug|x64
		{CFF8495D-1C14-4F71-8F70-A123607F8724}.Debug|x64.Build.0 = Debug|x64
		{CFF8495D-1C14-4F71-8F70-A123607F8724}.Debug|x86.ActiveCfg = Debug|Win32
		{CFF8495D-1C14-4F71-8F70-A123607F8724}.Debug|x86.Build.0 = Debug|Win32
		{CFF8495D-1C14-4F71-8F70-A123607F8724}.Release|x64.ActiveCfg = Release|x64
		{CFF8495D-1C14-4F71-8F70-A123607F8724}.Release|x64.Build.0 = Release|x64
		{CFF8495D-1C14-4F71-8F70-A123607F8724}.Release|x86.ActiveCfg = Release|Win32
		{CFF8495D-1C14-4F71-8F70-A123607F8724}.Release|x86.Build.0 = Release|Win32
		{A052A14D-3574-474F-88B7-64C0D37E0BC1}.Debug|x64.ActiveCfg = Debug|x64
		{A052A14D-3574-474F-88B7-64C0D37E0BC1}.Debug|x64.Build.0 = Debug|x64
		{A052A14D-3574-474F-88B7-64C0D37E0BC1}.Debug|x86.ActiveCfg = Debug|Win32
		{A052A14D-3574-474F-88B7-64C0D37E0BC1}.Debug|x86.Build.0 = Debug|Win32
		{A052A14D-3574-474F-88B7-64C0D37E0BC1}.Release|x64.ActiveCfg = Release|x64
		{A052A14D-3574-474F-88B7-64C0D37E0BC1}.Release|x64.Build.0 = Release|x64
		{A052A14D-3574-474F-88B7-64C0D37E0BC1}.Release|x86.ActiveCfg = Release|Win32
		{A052A14D-3574-474F-88B7-64C0D37E0BC1}.Release|x86.Build.0 = Release|Win32
		{73A486E2-6E05-4BE6-8662-3CFCA7785FB9}.Debug|x64.ActiveCfg = Debug|x64
		{73A486E2-6E05-4BE6-8662-3CFCA7785FB9}.Debug|x64.Build.0 = Debug|x64
		{73A486E2-6E05-4BE6-8662-3CFCA7785FB9}.Debug|x86.ActiveCfg = Debug|Win32
		{73A486E2-6E05-4BE6-8662-3CFCA7785FB9}.Debug|x86.Build.0 = Debug|Win32
		{73A486E2-6E05-4BE6-8662-3CFCA7785FB9}.Release|x64.ActiveCfg = Release|x64
		{73A486E2-6E05-4BE6-8662-3CFCA7785FB9}.Release|x64.Build.0 = Release|x64
		{73A486E2-6E05-4BE6-8662-3CFCA7785FB9}.Release|x86.ActiveCfg = Release|Win32
		{73A486E2-6E05-4BE6-8662-3CFCA7785FB9}.Release|x86.Build.0 = Release|Win32
		{1A0DF530-E82B-4A28-8139-0F32F8BCFDB8}.Debug|x64.ActiveCfg = Debug|x64
		{1A0DF530-E82B-4A28-8139-0F32F8BCFDB8}.Debug|x64.Build.0 = Debug|x64
		{1A0DF530-E82B-4A28-8139-0F32F8BCFDB8}.Debug|x86.ActiveCfg = Debug|Win32
		{1A0DF530-E82B-4A28-8139-0F32F8BCFDB8}.Debug|x86.Build.0 = Debug|Win32
		{1A0DF530-E82B-4A28-8139-0F32F8BCFDB8}.Release|x64.ActiveCfg = Release|x64
		{1A0DF530-E82B-4A28-8139-0F32F8BCFDB8}.Release|x64.Build.0 = Release|x64
		{1A0DF530-E82B-4A28-8139-0F32F8BCFDB8}.Release|x86.ActiveCfg = Release|Win32
		{1A0DF530-E82B-4A28-8139-0F32F8BCFDB8}.Release|x86.Build.0 = Release|Win32
		{9D6EBA7B-4ECC-4C4E-BF38-826FACBD2A3E}.Debug|x64.ActiveCfg = Debug|x64
		{9D6EBA7B-4ECC-4C4E-BF38-826FACBD2A3E}.Debug|x64.Build.0 = Debug|x64
		{9D6EBA7B-4ECC-4C4E-BF38-826FACBD2A3E}.Debug|x86.ActiveCfg = Debug|Win32
		{9D6EBA7B-4ECC-4C4E-BF38-826FACBD2A3E}.Debug|x86.Build.0 = Debug|Win32
		{9D6EBA7B-4ECC-4C4E-BF38-826FACBD2A3E}.Release|x64.ActiveCfg = Release|x64
		{9D6EBA7B-4ECC-4C4E-BF38-826FACBD2A3E}.Release|x64.Build.0 = Release|x64
		{9D6EBA7B-4ECC-4C4E-BF38-826FACBD2A3E}.Release|x86.ActiveCfg = Release|Win32
		{9D6EBA7B-4ECC-4C4E-BF38-826FACBD2A3E}.Release|x86.Build.0 = Release|Win32
		{82EE489A-6113-4AB0-98D6-4ADEBE36D7D0}.Debug|x64.ActiveCfg = Debug|x64
		{82EE489A-6113-4AB0-98D6-4ADEBE36D7D0}.Debug|x64.Build.0 = Debug|x64
		{82EE489A-6113-4AB0-98D6-4ADEBE36D7D0}.Debug|x86.ActiveCfg = Debug|Win32
		{82EE489A-6113-4AB0-98D6-4ADEBE36D7D0}.Debug|x86.Build.0 = Debug|Win32
		{82EE489A-6113-4AB0-98D6-4ADEBE36D7D0}.Release|x64.ActiveCfg = Release|x64
		{82EE489A-6113-4AB0-98D6-4ADEBE36D7D0}.Release|x64.Build.0 = Release|x64
		{82EE489A-6113-4AB0-98D6-4ADEBE36D7D0}.Release|x86.ActiveCfg = Release|Win32
		{82EE489A-6113-4AB0-98D6-4ADEBE36D7D0}.Release|x86.Build.0 = Release|Win32
		{E1258EF8-A463-491A-B889-3A4A8B1F85C1}.Debug|x64.ActiveCfg = Debug|x64
		{E1258EF8-A463-491A-B889-3A4A8B1F85C1}.Debug|x64.Build.0 = Debug|x64
		{E1258EF8-A463-491A-B889-3A4A8B1F85C1}.Debug|x86.ActiveCfg = Debug|Win32
		{E1258EF8-A463-491A-B889-3A4A8B1F85C1}.Debug|x86.Build.0 = Debug|Win32
		{E1258EF8-A463-491A-B889-3A4A8B1F85C1}.Release|x64.ActiveCfg = Release|x64
		{E1258EF8-A463-491A-B889-3A4A8B1F85C1}.Release|x64.Build.0 = Release|x64
		{E1258EF8-A463-491A-B889-3A4A8B1F85C1}.Release|x86.ActiveCfg = Release|Win32
		{E1258EF8-A463-491A-B889-3A4A8B1F85C1}.Release|x86.Build.0 = Release|Win32
		{4300621D-8E0F-494D-B428-9A055B19ECC7}.Debug|x64.ActiveCfg = Debug|x64
		{4300621D-8E0F-494D-B428-9A055B19ECC7}.Debug|x64.Build.0 = Debug|x64
		{4300621D-8E0F-494D-B428-9A055B19ECC7}.Debug|x86.ActiveCfg = Debug|Win32
		{4300621D-8E0F-494D-B428-9A055B19ECC7}.Debug|x86.Build.0 = Debug|Win32
		{4300621D-8E0F-494D-B428-9A055B19ECC7}.Release|x64.ActiveCfg = Release|x64
		{4300621D-8E0F-494D-B428-9A055B19ECC7}.Release|x64.Build.0 = Release|x64
		{4300621D-8E0F-494D-B428-9A055B19ECC7}.Release|x86.ActiveCfg = Release|Win32
		{4300621D-8E0F-494D-B428-9A055B19ECC7}.Release|x86.Build.0 = Release|Win32
		{DA8B8AA0-3E92-4D17-9224-B4DB5DF81EC1}.Debug|x64.ActiveCfg = Debug|x64
		{DA8B8AA0-3E92-4D17-9224-B4DB5DF81EC1}.Debug|x64.Build.0 = Debug|x64
		{DA8B8AA0-3E92-4D17-9224-B4DB5DF81EC1}.Debug|x86.ActiveCfg = Debug|Win32
		{DA8B8AA0-3E92-4D17-9224-B4DB5DF81EC1}.Debug|x86.Build.0 = Debug|Win32
		{DA8B8AA0-3E92-4D17-9224-B4DB5DF81EC1}.Release|x64.ActiveCfg = Release|x64
		{DA8B8AA0-3E92-4D17-9224-B4DB5DF81EC1}.Release|x64.Build.0 = Release|x64
		{DA8B8AA0-3E92-4D17-9224-B4DB5DF81EC1}.Release|x86.ActiveCfg = Release|Win32
		{DA8B8AA0-3E92-4D17-9224-B4DB5DF81EC1}.Release|x86.Build.0 = Release|Win32
	EndGlobalSection
	GlobalSection(SolutionProperties) = preSolution
		HideSolutionNode = FALSE
	EndGlobalSection
	GlobalSection(NestedProjects) = preSolution
		{73A486E2-6E05-4BE6-8662-3CFCA7785FB9} = {7B0DC87E-B3D6-491C-9E8A-F12951D38CB0}
		{1A0DF530-E82B-4A28-8139-0F32F8BCFDB8} = {7B0DC87E-B3D6-491C-9E8A-F12951D38CB0}
		{9D6EBA7B-4ECC-4C4E-BF38-826FACBD2A3E} = {7B0DC87E-B3D6-491C-9E8A-F12951D38CB0}
		{82EE489A-6113-4AB0-98D6-4ADEBE36D7D0} = {7B0DC87E-B3D6-491C-9E8A-F12951D38CB0}
		{E1258EF8-A463-491A-B889-3A4A8B1F85C1} = {7B0DC87E-B3D6-491C-9E8A-F12951D38CB0}
		{4300621D-8E0F-494D-B428-9A055B19ECC7} = {7B0DC87E-B3D6-491C-9E8A-F12951D38CB0}
		{DA8B8AA0-3E92-4D17-9224-B4DB5DF81EC1} = {7B0DC87E-B3D6-491C-9E8A-F12951D38CB0}
	EndGlobalSection
	GlobalSection(ExtensibilityGlobals) = postSolution
		SolutionGuid = {DB767EB2-A83E-4B86-9535-DB79BB979F50}
	EndGlobalSection
EndGlobal
